
Microsoft Visual Studio Solution File, Format Version 12.00
# Visual Studio Version 17
VisualStudioVersion = 17.1.32414.318
MinimumVisualStudioVersion = 10.0.40219.1
Project("{FAE04EC0-301F-11D3-BF4B-00C04F79EFBC}") = "Lasala,Julia-Ann_my name", "Lasala,Julia-Ann_my name\Lasala,Julia-Ann_my name.csproj", "{BE020BA2-6480-4068-8DA0-88326F845DCB}"
EndProject
Global
	GlobalSection(SolutionConfigurationPlatforms) = preSolution
		Debug|Any CPU = Debug|Any CPU
		Release|Any CPU = Release|Any CPU
	EndGlobalSection
	GlobalSection(ProjectConfigurationPlatforms) = postSolution
		{BE020BA2-6480-4068-8DA0-88326F845DCB}.Debug|Any CPU.ActiveCfg = Debug|Any CPU
		{BE020BA2-6480-4068-8DA0-88326F845DCB}.Debug|Any CPU.Build.0 = Debug|Any CPU
		{BE020BA2-6480-4068-8DA0-88326F845DCB}.Release|Any CPU.ActiveCfg = Release|Any CPU
		{BE020BA2-6480-4068-8DA0-88326F845DCB}.Release|Any CPU.Build.0 = Release|Any CPU
	EndGlobalSection
	GlobalSection(SolutionProperties) = preSolution
		HideSolutionNode = FALSE
	EndGlobalSection
	GlobalSection(ExtensibilityGlobals) = postSolution
		SolutionGuid = {67396E6B-D9DC-4D27-A05B-D7F441AC124F}
	EndGlobalSection
EndGlobal
